
Microsoft Visual Studio Solution File, Format Version 12.00
# Visual Studio 2013
VisualStudioVersion = 12.0.30501.0
MinimumVisualStudioVersion = 10.0.40219.1
Project("{8BC9CEB8-8B4A-11D0-8D11-00A0C91BC942}") = "filter", "filter\filter.vcxproj", "{DD996710-3D13-47B2-84E3-B5B414A462A2}"
	ProjectSection(ProjectDependencies) = postProject
		{EFCCEF8E-04CF-4B2E-B153-EDF4C8EF5C5A} = {EFCCEF8E-04CF-4B2E-B153-EDF4C8EF5C5A}
	EndProjectSection
EndProject
Project("{8BC9CEB8-8B4A-11D0-8D11-00A0C91BC942}") = "ppm", "ppm\ppm.vcxproj", "{EFCCEF8E-04CF-4B2E-B153-EDF4C8EF5C5A}"
EndProject
Global
	GlobalSection(SolutionConfigurationPlatforms) = preSolution
		Debug|Win32 = Debug|Win32
		Release|Win32 = Release|Win32
	EndGlobalSection
	GlobalSection(ProjectConfigurationPlatforms) = postSolution
		{DD996710-3D13-47B2-84E3-B5B414A462A2}.Debug|Win32.ActiveCfg = Debug|Win32
		{DD996710-3D13-47B2-84E3-B5B414A462A2}.Debug|Win32.Build.0 = Debug|Win32
		{DD996710-3D13-47B2-84E3-B5B414A462A2}.Release|Win32.ActiveCfg = Release|Win32
		{DD996710-3D13-47B2-84E3-B5B414A462A2}.Release|Win32.Build.0 = Release|Win32
		{EFCCEF8E-04CF-4B2E-B153-EDF4C8EF5C5A}.Debug|Win32.ActiveCfg = Debug|Win32
		{EFCCEF8E-04CF-4B2E-B153-EDF4C8EF5C5A}.Debug|Win32.Build.0 = Debug|Win32
		{EFCCEF8E-04CF-4B2E-B153-EDF4C8EF5C5A}.Release|Win32.ActiveCfg = Release|Win32
		{EFCCEF8E-04CF-4B2E-B153-EDF4C8EF5C5A}.Release|Win32.Build.0 = Release|Win32
	EndGlobalSection
	GlobalSection(SolutionProperties) = preSolution
		HideSolutionNode = FALSE
	EndGlobalSection
EndGlobal
